
Microsoft Visual Studio Solution File, Format Version 12.00
# Visual Studio Version 17
VisualStudioVersion = 17.8.34322.80
MinimumVisualStudioVersion = 10.0.40219.1
Project("{8BC9CEB8-8B4A-11D0-8D11-00A0C91BC942}") = "NO.13", "NO.13.vcxproj", "{83C52B2D-7C30-43A9-AD72-6EEABFBE1ADF}"
EndProject
Global
	GlobalSection(SolutionConfigurationPlatforms) = preSolution
		Debug|x64 = Debug|x64
		Debug|x86 = Debug|x86
		Release|x64 = Release|x64
		Release|x86 = Release|x86
	EndGlobalSection
	GlobalSection(ProjectConfigurationPlatforms) = postSolution
		{83C52B2D-7C30-43A9-AD72-6EEABFBE1ADF}.Debug|x64.ActiveCfg = Debug|x64
		{83C52B2D-7C30-43A9-AD72-6EEABFBE1ADF}.Debug|x64.Build.0 = Debug|x64
		{83C52B2D-7C30-43A9-AD72-6EEABFBE1ADF}.Debug|x86.ActiveCfg = Debug|Win32
		{83C52B2D-7C30-43A9-AD72-6EEABFBE1ADF}.Debug|x86.Build.0 = Debug|Win32
		{83C52B2D-7C30-43A9-AD72-6EEABFBE1ADF}.Release|x64.ActiveCfg = Release|x64
		{83C52B2D-7C30-43A9-AD72-6EEABFBE1ADF}.Release|x64.Build.0 = Release|x64
		{83C52B2D-7C30-43A9-AD72-6EEABFBE1ADF}.Release|x86.ActiveCfg = Release|Win32
		{83C52B2D-7C30-43A9-AD72-6EEABFBE1ADF}.Release|x86.Build.0 = Release|Win32
	EndGlobalSection
	GlobalSection(SolutionProperties) = preSolution
		HideSolutionNode = FALSE
	EndGlobalSection
	GlobalSection(ExtensibilityGlobals) = postSolution
		SolutionGuid = {FE572C99-DD45-4D34-A4EA-8B8F9555C61E}
	EndGlobalSection
EndGlobal
